
Microsoft Visual Studio Solution File, Format Version 12.00
# Visual Studio Version 17
VisualStudioVersion = 17.4.33122.133
MinimumVisualStudioVersion = 10.0.40219.1
Project("{FAE04EC0-301F-11D3-BF4B-00C04F79EFBC}") = "ManagementStudentApp", "ManagementStudentApp\ManagementStudentApp.csproj", "{60F6C23D-2615-497E-85AC-FDBE0D30119B}"
EndProject
Global
	GlobalSection(SolutionConfigurationPlatforms) = preSolution
		Debug|Any CPU = Debug|Any CPU
		Release|Any CPU = Release|Any CPU
	EndGlobalSection
	GlobalSection(ProjectConfigurationPlatforms) = postSolution
		{60F6C23D-2615-497E-85AC-FDBE0D30119B}.Debug|Any CPU.ActiveCfg = Debug|Any CPU
		{60F6C23D-2615-497E-85AC-FDBE0D30119B}.Debug|Any CPU.Build.0 = Debug|Any CPU
		{60F6C23D-2615-497E-85AC-FDBE0D30119B}.Release|Any CPU.ActiveCfg = Release|Any CPU
		{60F6C23D-2615-497E-85AC-FDBE0D30119B}.Release|Any CPU.Build.0 = Release|Any CPU
	EndGlobalSection
	GlobalSection(SolutionProperties) = preSolution
		HideSolutionNode = FALSE
	EndGlobalSection
	GlobalSection(ExtensibilityGlobals) = postSolution
		SolutionGuid = {EF2FE04B-769C-4759-9CB2-E3BE75BCC29D}
	EndGlobalSection
EndGlobal
